
Microsoft Visual Studio Solution File, Format Version 12.00
# Visual Studio Version 17
VisualStudioVersion = 17.3.32929.385
MinimumVisualStudioVersion = 10.0.40219.1
Project("{FAE04EC0-301F-11D3-BF4B-00C04F79EFBC}") = "NZwalks.API", "NZwalks.API\NZwalks.API.csproj", "{442707C2-B5E5-44F2-A8CB-B3039A4742C1}"
EndProject
Global
	GlobalSection(SolutionConfigurationPlatforms) = preSolution
		Debug|Any CPU = Debug|Any CPU
		Release|Any CPU = Release|Any CPU
	EndGlobalSection
	GlobalSection(ProjectConfigurationPlatforms) = postSolution
		{442707C2-B5E5-44F2-A8CB-B3039A4742C1}.Debug|Any CPU.ActiveCfg = Debug|Any CPU
		{442707C2-B5E5-44F2-A8CB-B3039A4742C1}.Debug|Any CPU.Build.0 = Debug|Any CPU
		{442707C2-B5E5-44F2-A8CB-B3039A4742C1}.Release|Any CPU.ActiveCfg = Release|Any CPU
		{442707C2-B5E5-44F2-A8CB-B3039A4742C1}.Release|Any CPU.Build.0 = Release|Any CPU
	EndGlobalSection
	GlobalSection(SolutionProperties) = preSolution
		HideSolutionNode = FALSE
	EndGlobalSection
	GlobalSection(ExtensibilityGlobals) = postSolution
		SolutionGuid = {6B21E710-1752-4F58-B402-BE2C7B1EB9EF}
	EndGlobalSection
EndGlobal
